
Microsoft Visual Studio Solution File, Format Version 12.00
# Visual Studio Version 16
VisualStudioVersion = 16.0.31105.61
MinimumVisualStudioVersion = 10.0.40219.1
Project("{FAE04EC0-301F-11D3-BF4B-00C04F79EFBC}") = "ConsoleApp4", "ConsoleApp4\ConsoleApp4.csproj", "{A4FE5E02-5C09-4F18-9F4E-0291E83FD7CA}"
EndProject
Global
	GlobalSection(SolutionConfigurationPlatforms) = preSolution
		Debug|Any CPU = Debug|Any CPU
		Release|Any CPU = Release|Any CPU
	EndGlobalSection
	GlobalSection(ProjectConfigurationPlatforms) = postSolution
		{A4FE5E02-5C09-4F18-9F4E-0291E83FD7CA}.Debug|Any CPU.ActiveCfg = Debug|Any CPU
		{A4FE5E02-5C09-4F18-9F4E-0291E83FD7CA}.Debug|Any CPU.Build.0 = Debug|Any CPU
		{A4FE5E02-5C09-4F18-9F4E-0291E83FD7CA}.Release|Any CPU.ActiveCfg = Release|Any CPU
		{A4FE5E02-5C09-4F18-9F4E-0291E83FD7CA}.Release|Any CPU.Build.0 = Release|Any CPU
	EndGlobalSection
	GlobalSection(SolutionProperties) = preSolution
		HideSolutionNode = FALSE
	EndGlobalSection
	GlobalSection(ExtensibilityGlobals) = postSolution
		SolutionGuid = {AFFB67AA-E8F4-4136-BBF0-99AC4FCA5C4C}
	EndGlobalSection
EndGlobal
